
Microsoft Visual Studio Solution File, Format Version 12.00
# Visual Studio Version 16
VisualStudioVersion = 16.0.30611.23
MinimumVisualStudioVersion = 10.0.40219.1
Project("{FAE04EC0-301F-11D3-BF4B-00C04F79EFBC}") = "WindowsFormsApp2", "WindowsFormsApp2\WindowsFormsApp2.csproj", "{EF7C6006-9075-4AE7-AD2A-16069C555F18}"
EndProject
Global
	GlobalSection(SolutionConfigurationPlatforms) = preSolution
		Debug|Any CPU = Debug|Any CPU
		Release|Any CPU = Release|Any CPU
	EndGlobalSection
	GlobalSection(ProjectConfigurationPlatforms) = postSolution
		{EF7C6006-9075-4AE7-AD2A-16069C555F18}.Debug|Any CPU.ActiveCfg = Debug|Any CPU
		{EF7C6006-9075-4AE7-AD2A-16069C555F18}.Debug|Any CPU.Build.0 = Debug|Any CPU
		{EF7C6006-9075-4AE7-AD2A-16069C555F18}.Release|Any CPU.ActiveCfg = Release|Any CPU
		{EF7C6006-9075-4AE7-AD2A-16069C555F18}.Release|Any CPU.Build.0 = Release|Any CPU
	EndGlobalSection
	GlobalSection(SolutionProperties) = preSolution
		HideSolutionNode = FALSE
	EndGlobalSection
	GlobalSection(ExtensibilityGlobals) = postSolution
		SolutionGuid = {95A36893-8B0A-484E-AB9A-D173EA0F7BB8}
	EndGlobalSection
EndGlobal
